
Microsoft Visual Studio Solution File, Format Version 12.00
# Visual Studio Version 17
VisualStudioVersion = 17.0.31903.59
MinimumVisualStudioVersion = 10.0.40219.1
Project("{2150E333-8FDC-42A3-9474-1A3956D46DE8}") = "src", "src", "{7962EC22-8BFB-4584-B8FE-CE4C398AE59A}"
EndProject
Project("{FAE04EC0-301F-11D3-BF4B-00C04F79EFBC}") = "Aether.Core", "src\Aether.Core\Aether.Core.csproj", "{9C966098-D2EA-4999-A9C9-9D97F6B82065}"
EndProject
Project("{FAE04EC0-301F-11D3-BF4B-00C04F79EFBC}") = "Aether.Sim", "src\Aether.Sim\Aether.Sim.csproj", "{47D41BE2-2E10-4B34-AE02-B05ADD6F8035}"
EndProject
Global
	GlobalSection(SolutionConfigurationPlatforms) = preSolution
		Debug|Any CPU = Debug|Any CPU
		Release|Any CPU = Release|Any CPU
	EndGlobalSection
	GlobalSection(SolutionProperties) = preSolution
		HideSolutionNode = FALSE
	EndGlobalSection
	GlobalSection(ProjectConfigurationPlatforms) = postSolution
		{9C966098-D2EA-4999-A9C9-9D97F6B82065}.Debug|Any CPU.ActiveCfg = Debug|Any CPU
		{9C966098-D2EA-4999-A9C9-9D97F6B82065}.Debug|Any CPU.Build.0 = Debug|Any CPU
		{9C966098-D2EA-4999-A9C9-9D97F6B82065}.Release|Any CPU.ActiveCfg = Release|Any CPU
		{9C966098-D2EA-4999-A9C9-9D97F6B82065}.Release|Any CPU.Build.0 = Release|Any CPU
		{47D41BE2-2E10-4B34-AE02-B05ADD6F8035}.Debug|Any CPU.ActiveCfg = Debug|Any CPU
		{47D41BE2-2E10-4B34-AE02-B05ADD6F8035}.Debug|Any CPU.Build.0 = Debug|Any CPU
		{47D41BE2-2E10-4B34-AE02-B05ADD6F8035}.Release|Any CPU.ActiveCfg = Release|Any CPU
		{47D41BE2-2E10-4B34-AE02-B05ADD6F8035}.Release|Any CPU.Build.0 = Release|Any CPU
	EndGlobalSection
	GlobalSection(NestedProjects) = preSolution
		{9C966098-D2EA-4999-A9C9-9D97F6B82065} = {7962EC22-8BFB-4584-B8FE-CE4C398AE59A}
		{47D41BE2-2E10-4B34-AE02-B05ADD6F8035} = {7962EC22-8BFB-4584-B8FE-CE4C398AE59A}
	EndGlobalSection
EndGlobal
